// !$*UTF8*$!
{
	archiveVersion = 1;
	classes = {
	};
	objectVersion = 46;
	objects = {

/* Begin PBXBuildFile section */
		F89B65B91C79AB9900297E41 /* AppDelegate.swift in Sources */ = {isa = PBXBuildFile; fileRef = F89B65B81C79AB9900297E41 /* AppDelegate.swift */; };
		F89B65BB1C79AB9900297E41 /* ViewController.swift in Sources */ = {isa = PBXBuildFile; fileRef = F89B65BA1C79AB9900297E41 /* ViewController.swift */; };
		F89B65BE1C79AB9900297E41 /* Main.storyboard in Resources */ = {isa = PBXBuildFile; fileRef = F89B65BC1C79AB9900297E41 /* Main.storyboard */; };
		F89B65C01C79AB9900297E41 /* Assets.xcassets in Resources */ = {isa = PBXBuildFile; fileRef = F89B65BF1C79AB9900297E41 /* Assets.xcassets */; };
		F89B65C31C79AB9900297E41 /* LaunchScreen.storyboard in Resources */ = {isa = PBXBuildFile; fileRef = F89B65C11C79AB9900297E41 /* LaunchScreen.storyboard */; };
/* End PBXBuildFile section */

/* Begin PBXFileReference section */
		F89B65B51C79AB9800297E41 /* Stormy.app */ = {isa = PBXFileReference; explicitFileType = wrapper.application; includeInIndex = 0; path = Stormy.app; sourceTree = BUILT_PRODUCTS_DIR; };
		F89B65B81C79AB9900297E41 /* AppDelegate.swift */ = {isa = PBXFileReference; lastKnownFileType = sourcecode.swift; path = AppDelegate.swift; sourceTree = "<group>"; };
		F89B65BA1C79AB9900297E41 /* ViewController.swift */ = {isa = PBXFileReference; lastKnownFileType = sourcecode.swift; path = ViewController.swift; sourceTree = "<group>"; };
		F89B65BD1C79AB9900297E41 /* Base */ = {isa = PBXFileReference; lastKnownFileType = file.storyboard; name = Base; path = Base.lproj/Main.storyboard; sourceTree = "<group>"; };
		F89B65BF1C79AB9900297E41 /* Assets.xcassets */ = {isa = PBXFileReference; lastKnownFileType = folder.assetcatalog; path = Assets.xcassets; sourceTree = "<group>"; };
		F89B65C21C79AB9900297E41 /* Base */ = {isa = PBXFileReference; lastKnownFileType = file.storyboard; name = Base; path = Base.lproj/LaunchScreen.storyboard; sourceTree = "<group>"; };
		F89B65C41C79AB9900297E41 /* Info.plist */ = {isa = PBXFileReference; lastKnownFileType = text.plist.xml; path = Info.plist; sourceTree = "<group>"; };
/* End PBXFileReference section */

/* Begin PBXFrameworksBuildPhase section */
		F89B65B21C79AB9800297E41 /* Frameworks */ = {
			isa = PBXFrameworksBuildPhase;
			buildActionMask = 2147483647;
			files = (
			);
			runOnlyForDeploymentPostprocessing = 0;
		};
/* End PBXFrameworksBuildPhase section */

/* Begin PBXGroup section */
		F89B65AC1C79AB9800297E41 = {
			isa = PBXGroup;
			children = (
				F89B65B71C79AB9800297E41 /* Stormy */,
				F89B65B61C79AB9800297E41 /* Products */,
			);
			sourceTree = "<group>";
		};
		F89B65B61C79AB9800297E41 /* Products */ = {
			isa = PBXGroup;
			children = (
				F89B65B51C79AB9800297E41 /* Stormy.app */,
			);
			name = Products;
			sourceTree = "<group>";
		};
		F89B65B71C79AB9800297E41 /* Stormy */ = {
			isa = PBXGroup;
			children = (
				F89B65B81C79AB9900297E41 /* AppDelegate.swift */,
				F89B65BA1C79AB9900297E41 /* ViewController.swift */,
				F89B65BC1C79AB9900297E41 /* Main.storyboard */,
				F89B65BF1C79AB9900297E41 /* Assets.xcassets */,
				F89B65C11C79AB9900297E41 /* LaunchScreen.storyboard */,
				F89B65C41C79AB9900297E41 /* Info.plist */,
			);
			path = Stormy;
			sourceTree = "<group>";
		};
/* End PBXGroup section */

/* Begin PBXNativeTarget section */
		F89B65B41C79AB9800297E41 /* Stormy */ = {
			isa = PBXNativeTarget;
			buildConfigurationList = F89B65C71C79AB9900297E41 /* Build configuration list for PBXNativeTarget "Stormy" */;
			buildPhases = (
				F89B65B11C79AB9800297E41 /* Sources */,
				F89B65B21C79AB9800297E41 /* Frameworks */,
				F89B65B31C79AB9800297E41 /* Resources */,
			);
			buildRules = (
			);
			dependencies = (
			);
			name = Stormy;
			productName = Stormy;
			productReference = F89B65B51C79AB9800297E41 /* Stormy.app */;
			productType = "com.apple.product-type.application";
		};
/* End PBXNativeTarget section */

/* Begin PBXProject section */
		F89B65AD1C79AB9800297E41 /* Project object */ = {
			isa = PBXProject;
			attributes = {
				LastSwiftUpdateCheck = 0720;
				LastUpgradeCheck = 0720;
				ORGANIZATIONNAME = kalvinlam;
				TargetAttributes = {
					F89B65B41C79AB9800297E41 = {
						CreatedOnToolsVersion = 7.2.1;
						DevelopmentTeam = SXN7Y5QJ7W;
					};
				};
			};
			buildConfigurationList = F89B65B01C79AB9800297E41 /* Build configuration list for PBXProject "Stormy" */;
			compatibilityVersion = "Xcode 3.2";
			developmentRegion = English;
			hasScannedForEncodings = 0;
			knownRegions = (
				en,
				Base,
			);
			mainGroup = F89B65AC1C79AB9800297E41;
			productRefGroup = F89B65B61C79AB9800297E41 /* Products */;
			projectDirPath = "";
			projectRoot = "";
			targets = (
				F89B65B41C79AB9800297E41 /* Stormy */,
			);
		};
/* End PBXProject section */

/* Begin PBXResourcesBuildPhase section */
		F89B65B31C79AB9800297E41 /* Resources */ = {
			isa = PBXResourcesBuildPhase;
			buildActionMask = 2147483647;
			files = (
				F89B65C31C79AB9900297E41 /* LaunchScreen.storyboard in Resources */,
				F89B65C01C79AB9900297E41 /* Assets.xcassets in Resources */,
				F89B65BE1C79AB9900297E41 /* Main.storyboard in Resources */,
			);
			runOnlyForDeploymentPostprocessing = 0;
		};
/* End PBXResourcesBuildPhase section */

/* Begin PBXSourcesBuildPhase section */
		F89B65B11C79AB9800297E41 /* Sources */ = {
			isa = PBXSourcesBuildPhase;
			buildActionMask = 2147483647;
			files = (
				F89B65BB1C79AB9900297E41 /* ViewController.swift in Sources */,
				F89B65B91C79AB9900297E41 /* AppDelegate.swift in Sources */,
			);
			runOnlyForDeploymentPostprocessing = 0;
		};
/* End PBXSourcesBuildPhase section */

/* Begin PBXVariantGroup section */
		F89B65BC1C79AB9900297E41 /* Main.storyboard */ = {
			isa = PBXVariantGroup;
			children = (
				F89B65BD1C79AB9900297E41 /* Base */,
			);
			name = Main.storyboard;
			sourceTree = "<group>";
		};
		F89B65C11C79AB9900297E41 /* LaunchScreen.storyboard */ = {
			isa = PBXVariantGroup;
			children = (
				F89B65C21C79AB9900297E41 /* Base */,
			);
			name = LaunchScreen.storyboard;
			sourceTree = "<group>";
		};
/* End PBXVariantGroup section */

/* Begin XCBuildConfiguration section */
		F89B65C51C79AB9900297E41 /* Debug */ = {
			isa = XCBuildConfiguration;
			buildSettings = {
				ALWAYS_SEARCH_USER_PATHS = NO;
				CLANG_CXX_LANGUAGE_STANDARD = "gnu++0x";
				CLANG_CXX_LIBRARY = "libc++";
				CLANG_ENABLE_MODULES = YES;
				CLANG_ENABLE_OBJC_ARC = YES;
				CLANG_WARN_BOOL_CONVERSION = YES;
				CLANG_WARN_CONSTANT_CONVERSION = YES;
				CLANG_WARN_DIRECT_OBJC_ISA_USAGE = YES_ERROR;
				CLANG_WARN_EMPTY_BODY = YES;
				CLANG_WARN_ENUM_CONVERSION = YES;
				CLANG_WARN_INT_CONVERSION = YES;
				CLANG_WARN_OBJC_ROOT_CLASS = YES_ERROR;
				CLANG_WARN_UNREACHABLE_CODE = YES;
				CLANG_WARN__DUPLICATE_METHOD_MATCH = YES;
				"CODE_SIGN_IDENTITY[sdk=iphoneos*]" = "iPhone Developer";
				COPY_PHASE_STRIP = NO;
				DEBUG_INFORMATION_FORMAT = dwarf;
				ENABLE_STRICT_OBJC_MSGSEND = YES;
				ENABLE_TESTABILITY = YES;
				GCC_C_LANGUAGE_STANDARD = gnu99;
				GCC_DYNAMIC_NO_PIC = NO;
				GCC_NO_COMMON_BLOCKS = YES;
				GCC_OPTIMIZATION_LEVEL = 0;
				GCC_PREPROCESSOR_DEFINITIONS = (
					"DEBUG=1",
					"$(inherited)",
				);
				GCC_WARN_64_TO_32_BIT_CONVERSION = YES;
				GCC_WARN_ABOUT_RETURN_TYPE = YES_ERROR;
				GCC_WARN_UNDECLARED_SELECTOR = YES;
				GCC_WARN_UNINITIALIZED_AUTOS = YES_AGGRESSIVE;
				GCC_WARN_UNUSED_FUNCTION = YES;
				GCC_WARN_UNUSED_VARIABLE = YES;
				IPHONEOS_DEPLOYMENT_TARGET = 9.2;
				MTL_ENABLE_DEBUG_INFO = YES;
				ONLY_ACTIVE_ARCH = YES;
				SDKROOT = iphoneos;
				SWIFT_OPTIMIZATION_LEVEL = "-Onone";
			};
			name = Debug;
		};
		F89B65C61C79AB9900297E41 /* Release */ = {
			isa = XCBuildConfiguration;
			buildSettings = {
				ALWAYS_SEARCH_USER_PATHS = NO;
				CLANG_CXX_LANGUAGE_STANDARD = "gnu++0x";
				CLANG_CXX_LIBRARY = "libc++";
				CLANG_ENABLE_MODULES = YES;
				CLANG_ENABLE_OBJC_ARC = YES;
				CLANG_WARN_BOOL_CONVERSION = YES;
				CLANG_WARN_CONSTANT_CONVERSION = YES;
				CLANG_WARN_DIRECT_OBJC_ISA_USAGE = YES_ERROR;
				CLANG_WARN_EMPTY_BODY = YES;
				CLANG_WARN_ENUM_CONVERSION = YES;
				CLANG_WARN_INT_CONVERSION = YES;
				CLANG_WARN_OBJC_ROOT_CLASS = YES_ERROR;
				CLANG_WARN_UNREACHABLE_CODE = YES;
				CLANG_WARN__DUPLICATE_METHOD_MATCH = YES;
				"CODE_SIGN_IDENTITY[sdk=iphoneos*]" = "iPhone Developer";
				COPY_PHASE_STRIP = NO;
				DEBUG_INFORMATION_FORMAT = "dwarf-with-dsym";
				ENABLE_NS_ASSERTIONS = NO;
				ENABLE_STRICT_OBJC_MSGSEND = YES;
				GCC_C_LANGUAGE_STANDARD = gnu99;
				GCC_NO_COMMON_BLOCKS = YES;
				GCC_WARN_64_TO_32_BIT_CONVERSION = YES;
				GCC_WARN_ABOUT_RETURN_TYPE = YES_ERROR;
				GCC_WARN_UNDECLARED_SELECTOR = YES;
				GCC_WARN_UNINITIALIZED_AUTOS = YES_AGGRESSIVE;
				GCC_WARN_UNUSED_FUNCTION = YES;
				GCC_WARN_UNUSED_VARIABLE = YES;
				IPHONEOS_DEPLOYMENT_TARGET = 9.2;
				MTL_ENABLE_DEBUG_INFO = NO;
				SDKROOT = iphoneos;
				VALIDATE_PRODUCT = YES;
			};
			name = Release;
		};
		F89B65C81C79AB9900297E41 /* Debug */ = {
			isa = XCBuildConfiguration;
			buildSettings = {
				ASSETCATALOG_COMPILER_APPICON_NAME = AppIcon;
				INFOPLIST_FILE = Stormy/Info.plist;
				LD_RUNPATH_SEARCH_PATHS = "$(inherited) @executable_path/Frameworks";
				PRODUCT_BUNDLE_IDENTIFIER = com.kalvinlam.Stormy;
				PRODUCT_NAME = "$(TARGET_NAME)";
			};
			name = Debug;
		};
		F89B65C91C79AB9900297E41 /* Release */ = {
			isa = XCBuildConfiguration;
			buildSettings = {
				ASSETCATALOG_COMPILER_APPICON_NAME = AppIcon;
				INFOPLIST_FILE = Stormy/Info.plist;
				LD_RUNPATH_SEARCH_PATHS = "$(inherited) @executable_path/Frameworks";
				PRODUCT_BUNDLE_IDENTIFIER = com.kalvinlam.Stormy;
				PRODUCT_NAME = "$(TARGET_NAME)";
			};
			name = Release;
		};
/* End XCBuildConfiguration section */

/* Begin XCConfigurationList section */
		F89B65B01C79AB9800297E41 /* Build configuration list for PBXProject "Stormy" */ = {
			isa = XCConfigurationList;
			buildConfigurations = (
				F89B65C51C79AB9900297E41 /* Debug */,
				F89B65C61C79AB9900297E41 /* Release */,
			);
			defaultConfigurationIsVisible = 0;
			defaultConfigurationName = Release;
		};
		F89B65C71C79AB9900297E41 /* Build configuration list for PBXNativeTarget "Stormy" */ = {
			isa = XCConfigurationList;
			buildConfigurations = (
				F89B65C81C79AB9900297E41 /* Debug */,
				F89B65C91C79AB9900297E41 /* Release */,
			);
			defaultConfigurationIsVisible = 0;
		};
/* End XCConfigurationList section */
	};
	rootObject = F89B65AD1C79AB9800297E41 /* Project object */;
}
